
Microsoft Visual Studio Solution File, Format Version 12.00
# Visual Studio Version 17
VisualStudioVersion = 17.14.36221.1
MinimumVisualStudioVersion = 10.0.40219.1
Project("{FAE04EC0-301F-11D3-BF4B-00C04F79EFBC}") = "WaracleTestAPI", "WaracleTestAPI\WaracleTestAPI\WaracleTestAPI.csproj", "{53C97573-9A68-4780-99FF-E09F5A5C1039}"
EndProject
Project("{FAE04EC0-301F-11D3-BF4B-00C04F79EFBC}") = "WaracleTestAPI.Tests", "WaracleTestAPI.Tests\WaracleTestAPI.Tests.csproj", "{EF9660FF-852D-49C2-AEE2-EEE01F746B7E}"
EndProject
Global
	GlobalSection(SolutionConfigurationPlatforms) = preSolution
		Debug|Any CPU = Debug|Any CPU
		Debug|x64 = Debug|x64
		Debug|x86 = Debug|x86
		Release|Any CPU = Release|Any CPU
		Release|x64 = Release|x64
		Release|x86 = Release|x86
	EndGlobalSection
	GlobalSection(ProjectConfigurationPlatforms) = postSolution
		{53C97573-9A68-4780-99FF-E09F5A5C1039}.Debug|Any CPU.ActiveCfg = Debug|Any CPU
		{53C97573-9A68-4780-99FF-E09F5A5C1039}.Debug|Any CPU.Build.0 = Debug|Any CPU
		{53C97573-9A68-4780-99FF-E09F5A5C1039}.Debug|x64.ActiveCfg = Debug|Any CPU
		{53C97573-9A68-4780-99FF-E09F5A5C1039}.Debug|x64.Build.0 = Debug|Any CPU
		{53C97573-9A68-4780-99FF-E09F5A5C1039}.Debug|x86.ActiveCfg = Debug|Any CPU
		{53C97573-9A68-4780-99FF-E09F5A5C1039}.Debug|x86.Build.0 = Debug|Any CPU
		{53C97573-9A68-4780-99FF-E09F5A5C1039}.Release|Any CPU.ActiveCfg = Release|Any CPU
		{53C97573-9A68-4780-99FF-E09F5A5C1039}.Release|Any CPU.Build.0 = Release|Any CPU
		{53C97573-9A68-4780-99FF-E09F5A5C1039}.Release|x64.ActiveCfg = Release|Any CPU
		{53C97573-9A68-4780-99FF-E09F5A5C1039}.Release|x64.Build.0 = Release|Any CPU
		{53C97573-9A68-4780-99FF-E09F5A5C1039}.Release|x86.ActiveCfg = Release|Any CPU
		{53C97573-9A68-4780-99FF-E09F5A5C1039}.Release|x86.Build.0 = Release|Any CPU
		{EF9660FF-852D-49C2-AEE2-EEE01F746B7E}.Debug|Any CPU.ActiveCfg = Debug|Any CPU
		{EF9660FF-852D-49C2-AEE2-EEE01F746B7E}.Debug|Any CPU.Build.0 = Debug|Any CPU
		{EF9660FF-852D-49C2-AEE2-EEE01F746B7E}.Debug|x64.ActiveCfg = Debug|Any CPU
		{EF9660FF-852D-49C2-AEE2-EEE01F746B7E}.Debug|x64.Build.0 = Debug|Any CPU
		{EF9660FF-852D-49C2-AEE2-EEE01F746B7E}.Debug|x86.ActiveCfg = Debug|Any CPU
		{EF9660FF-852D-49C2-AEE2-EEE01F746B7E}.Debug|x86.Build.0 = Debug|Any CPU
		{EF9660FF-852D-49C2-AEE2-EEE01F746B7E}.Release|Any CPU.ActiveCfg = Release|Any CPU
		{EF9660FF-852D-49C2-AEE2-EEE01F746B7E}.Release|Any CPU.Build.0 = Release|Any CPU
		{EF9660FF-852D-49C2-AEE2-EEE01F746B7E}.Release|x64.ActiveCfg = Release|Any CPU
		{EF9660FF-852D-49C2-AEE2-EEE01F746B7E}.Release|x64.Build.0 = Release|Any CPU
		{EF9660FF-852D-49C2-AEE2-EEE01F746B7E}.Release|x86.ActiveCfg = Release|Any CPU
		{EF9660FF-852D-49C2-AEE2-EEE01F746B7E}.Release|x86.Build.0 = Release|Any CPU
	EndGlobalSection
	GlobalSection(SolutionProperties) = preSolution
		HideSolutionNode = FALSE
	EndGlobalSection
	GlobalSection(ExtensibilityGlobals) = postSolution
		SolutionGuid = {C3E26C0F-8729-4079-A2D1-9E87EB67B457}
	EndGlobalSection
EndGlobal
