
Microsoft Visual Studio Solution File, Format Version 12.00
# Visual Studio Version 17
VisualStudioVersion = 17.0.31903.59
MinimumVisualStudioVersion = 10.0.40219.1
Project("{FAE04EC0-301F-11D3-BF4B-00C04F79EFBC}") = "WaracleTestAPI.Tests", "WaracleTestAPI.Tests\WaracleTestAPI.Tests.csproj", "{11F96947-FF65-4036-B8DB-F93C3AECCF4A}"
EndProject
Project("{2150E333-8FDC-42A3-9474-1A3956D46DE8}") = "WaracleTestAPI", "WaracleTestAPI", "{AFC4CB37-A16C-31AB-FA2E-497507D7A848}"
EndProject
Project("{FAE04EC0-301F-11D3-BF4B-00C04F79EFBC}") = "WaracleTestAPI", "WaracleTestAPI\WaracleTestAPI\WaracleTestAPI.csproj", "{77F9DB89-6BF2-4BCA-8E0D-B6972C0D2EFE}"
EndProject
Global
	GlobalSection(SolutionConfigurationPlatforms) = preSolution
		Debug|Any CPU = Debug|Any CPU
		Debug|x64 = Debug|x64
		Debug|x86 = Debug|x86
		Release|Any CPU = Release|Any CPU
		Release|x64 = Release|x64
		Release|x86 = Release|x86
	EndGlobalSection
	GlobalSection(ProjectConfigurationPlatforms) = postSolution
		{11F96947-FF65-4036-B8DB-F93C3AECCF4A}.Debug|Any CPU.ActiveCfg = Debug|Any CPU
		{11F96947-FF65-4036-B8DB-F93C3AECCF4A}.Debug|Any CPU.Build.0 = Debug|Any CPU
		{11F96947-FF65-4036-B8DB-F93C3AECCF4A}.Debug|x64.ActiveCfg = Debug|Any CPU
		{11F96947-FF65-4036-B8DB-F93C3AECCF4A}.Debug|x64.Build.0 = Debug|Any CPU
		{11F96947-FF65-4036-B8DB-F93C3AECCF4A}.Debug|x86.ActiveCfg = Debug|Any CPU
		{11F96947-FF65-4036-B8DB-F93C3AECCF4A}.Debug|x86.Build.0 = Debug|Any CPU
		{11F96947-FF65-4036-B8DB-F93C3AECCF4A}.Release|Any CPU.ActiveCfg = Release|Any CPU
		{11F96947-FF65-4036-B8DB-F93C3AECCF4A}.Release|Any CPU.Build.0 = Release|Any CPU
		{11F96947-FF65-4036-B8DB-F93C3AECCF4A}.Release|x64.ActiveCfg = Release|Any CPU
		{11F96947-FF65-4036-B8DB-F93C3AECCF4A}.Release|x64.Build.0 = Release|Any CPU
		{11F96947-FF65-4036-B8DB-F93C3AECCF4A}.Release|x86.ActiveCfg = Release|Any CPU
		{11F96947-FF65-4036-B8DB-F93C3AECCF4A}.Release|x86.Build.0 = Release|Any CPU
		{77F9DB89-6BF2-4BCA-8E0D-B6972C0D2EFE}.Debug|Any CPU.ActiveCfg = Debug|Any CPU
		{77F9DB89-6BF2-4BCA-8E0D-B6972C0D2EFE}.Debug|Any CPU.Build.0 = Debug|Any CPU
		{77F9DB89-6BF2-4BCA-8E0D-B6972C0D2EFE}.Debug|x64.ActiveCfg = Debug|Any CPU
		{77F9DB89-6BF2-4BCA-8E0D-B6972C0D2EFE}.Debug|x64.Build.0 = Debug|Any CPU
		{77F9DB89-6BF2-4BCA-8E0D-B6972C0D2EFE}.Debug|x86.ActiveCfg = Debug|Any CPU
		{77F9DB89-6BF2-4BCA-8E0D-B6972C0D2EFE}.Debug|x86.Build.0 = Debug|Any CPU
		{77F9DB89-6BF2-4BCA-8E0D-B6972C0D2EFE}.Release|Any CPU.ActiveCfg = Release|Any CPU
		{77F9DB89-6BF2-4BCA-8E0D-B6972C0D2EFE}.Release|Any CPU.Build.0 = Release|Any CPU
		{77F9DB89-6BF2-4BCA-8E0D-B6972C0D2EFE}.Release|x64.ActiveCfg = Release|Any CPU
		{77F9DB89-6BF2-4BCA-8E0D-B6972C0D2EFE}.Release|x64.Build.0 = Release|Any CPU
		{77F9DB89-6BF2-4BCA-8E0D-B6972C0D2EFE}.Release|x86.ActiveCfg = Release|Any CPU
		{77F9DB89-6BF2-4BCA-8E0D-B6972C0D2EFE}.Release|x86.Build.0 = Release|Any CPU
	EndGlobalSection
	GlobalSection(SolutionProperties) = preSolution
		HideSolutionNode = FALSE
	EndGlobalSection
	GlobalSection(NestedProjects) = preSolution
		{77F9DB89-6BF2-4BCA-8E0D-B6972C0D2EFE} = {AFC4CB37-A16C-31AB-FA2E-497507D7A848}
	EndGlobalSection
EndGlobal
